
Microsoft Visual Studio Solution File, Format Version 12.00
# Visual Studio Version 16
VisualStudioVersion = 16.0.30503.244
MinimumVisualStudioVersion = 10.0.40219.1
Project("{FAE04EC0-301F-11D3-BF4B-00C04F79EFBC}") = "MaxPath", "MaxPath\MaxPath.csproj", "{7BC5230C-5D52-48FB-80F5-C61BD07736BE}"
EndProject
Global
	GlobalSection(SolutionConfigurationPlatforms) = preSolution
		Debug|Any CPU = Debug|Any CPU
		Release|Any CPU = Release|Any CPU
	EndGlobalSection
	GlobalSection(ProjectConfigurationPlatforms) = postSolution
		{7BC5230C-5D52-48FB-80F5-C61BD07736BE}.Debug|Any CPU.ActiveCfg = Debug|Any CPU
		{7BC5230C-5D52-48FB-80F5-C61BD07736BE}.Debug|Any CPU.Build.0 = Debug|Any CPU
		{7BC5230C-5D52-48FB-80F5-C61BD07736BE}.Release|Any CPU.ActiveCfg = Release|Any CPU
		{7BC5230C-5D52-48FB-80F5-C61BD07736BE}.Release|Any CPU.Build.0 = Release|Any CPU
	EndGlobalSection
	GlobalSection(SolutionProperties) = preSolution
		HideSolutionNode = FALSE
	EndGlobalSection
	GlobalSection(ExtensibilityGlobals) = postSolution
		SolutionGuid = {E653861A-46C9-4E1F-9A68-1252F7AACB9F}
	EndGlobalSection
EndGlobal
